// !$*UTF8*$!
{
	archiveVersion = 1;
	classes = {
	};
	objectVersion = 56;
	objects = {

/* Begin PBXBuildFile section */
		246F22B82B3B2FCF006B53B9 /* AppDelegate.swift in Sources */ = {isa = PBXBuildFile; fileRef = 246F22B72B3B2FCF006B53B9 /* AppDelegate.swift */; };
		246F22BA2B3B2FCF006B53B9 /* SceneDelegate.swift in Sources */ = {isa = PBXBuildFile; fileRef = 246F22B92B3B2FCF006B53B9 /* SceneDelegate.swift */; };
		246F22BC2B3B2FCF006B53B9 /* loginViewController.swift in Sources */ = {isa = PBXBuildFile; fileRef = 246F22BB2B3B2FCF006B53B9 /* loginViewController.swift */; };
		246F22C12B3B2FD1006B53B9 /* Assets.xcassets in Resources */ = {isa = PBXBuildFile; fileRef = 246F22C02B3B2FD1006B53B9 /* Assets.xcassets */; };
		246F22C42B3B2FD1006B53B9 /* LaunchScreen.storyboard in Resources */ = {isa = PBXBuildFile; fileRef = 246F22C22B3B2FD1006B53B9 /* LaunchScreen.storyboard */; };
		246F22CD2B3B343E006B53B9 /* UIValidatableTextField.swift in Sources */ = {isa = PBXBuildFile; fileRef = 246F22CC2B3B343E006B53B9 /* UIValidatableTextField.swift */; };
		246F22CF2B3B3499006B53B9 /* UIInsetedTextField.swift in Sources */ = {isa = PBXBuildFile; fileRef = 246F22CE2B3B3499006B53B9 /* UIInsetedTextField.swift */; };
		246F22D12B3B48EF006B53B9 /* ProfileViewController.swift in Sources */ = {isa = PBXBuildFile; fileRef = 246F22D02B3B48EF006B53B9 /* ProfileViewController.swift */; };
/* End PBXBuildFile section */

/* Begin PBXFileReference section */
		246F22B42B3B2FCF006B53B9 /* profile_lesson3.app */ = {isa = PBXFileReference; explicitFileType = wrapper.application; includeInIndex = 0; path = profile_lesson3.app; sourceTree = BUILT_PRODUCTS_DIR; };
		246F22B72B3B2FCF006B53B9 /* AppDelegate.swift */ = {isa = PBXFileReference; lastKnownFileType = sourcecode.swift; path = AppDelegate.swift; sourceTree = "<group>"; };
		246F22B92B3B2FCF006B53B9 /* SceneDelegate.swift */ = {isa = PBXFileReference; lastKnownFileType = sourcecode.swift; path = SceneDelegate.swift; sourceTree = "<group>"; };
		246F22BB2B3B2FCF006B53B9 /* loginViewController.swift */ = {isa = PBXFileReference; lastKnownFileType = sourcecode.swift; path = loginViewController.swift; sourceTree = "<group>"; };
		246F22C02B3B2FD1006B53B9 /* Assets.xcassets */ = {isa = PBXFileReference; lastKnownFileType = folder.assetcatalog; path = Assets.xcassets; sourceTree = "<group>"; };
		246F22C32B3B2FD1006B53B9 /* Base */ = {isa = PBXFileReference; lastKnownFileType = file.storyboard; name = Base; path = Base.lproj/LaunchScreen.storyboard; sourceTree = "<group>"; };
		246F22C52B3B2FD1006B53B9 /* Info.plist */ = {isa = PBXFileReference; lastKnownFileType = text.plist.xml; path = Info.plist; sourceTree = "<group>"; };
		246F22CC2B3B343E006B53B9 /* UIValidatableTextField.swift */ = {isa = PBXFileReference; lastKnownFileType = sourcecode.swift; path = UIValidatableTextField.swift; sourceTree = "<group>"; };
		246F22CE2B3B3499006B53B9 /* UIInsetedTextField.swift */ = {isa = PBXFileReference; lastKnownFileType = sourcecode.swift; path = UIInsetedTextField.swift; sourceTree = "<group>"; };
		246F22D02B3B48EF006B53B9 /* ProfileViewController.swift */ = {isa = PBXFileReference; lastKnownFileType = sourcecode.swift; path = ProfileViewController.swift; sourceTree = "<group>"; };
/* End PBXFileReference section */

/* Begin PBXFrameworksBuildPhase section */
		246F22B12B3B2FCF006B53B9 /* Frameworks */ = {
			isa = PBXFrameworksBuildPhase;
			buildActionMask = 2147483647;
			files = (
			);
			runOnlyForDeploymentPostprocessing = 0;
		};
/* End PBXFrameworksBuildPhase section */

/* Begin PBXGroup section */
		246F22AB2B3B2FCF006B53B9 = {
			isa = PBXGroup;
			children = (
				246F22B62B3B2FCF006B53B9 /* profile_lesson3 */,
				246F22B52B3B2FCF006B53B9 /* Products */,
			);
			sourceTree = "<group>";
		};
		246F22B52B3B2FCF006B53B9 /* Products */ = {
			isa = PBXGroup;
			children = (
				246F22B42B3B2FCF006B53B9 /* profile_lesson3.app */,
			);
			name = Products;
			sourceTree = "<group>";
		};
		246F22B62B3B2FCF006B53B9 /* profile_lesson3 */ = {
			isa = PBXGroup;
			children = (
				246F22CB2B3B3389006B53B9 /* UIElements */,
				246F22B72B3B2FCF006B53B9 /* AppDelegate.swift */,
				246F22B92B3B2FCF006B53B9 /* SceneDelegate.swift */,
				246F22BB2B3B2FCF006B53B9 /* loginViewController.swift */,
				246F22C02B3B2FD1006B53B9 /* Assets.xcassets */,
				246F22C22B3B2FD1006B53B9 /* LaunchScreen.storyboard */,
				246F22C52B3B2FD1006B53B9 /* Info.plist */,
				246F22D02B3B48EF006B53B9 /* ProfileViewController.swift */,
			);
			path = profile_lesson3;
			sourceTree = "<group>";
		};
		246F22CB2B3B3389006B53B9 /* UIElements */ = {
			isa = PBXGroup;
			children = (
				246F22CC2B3B343E006B53B9 /* UIValidatableTextField.swift */,
				246F22CE2B3B3499006B53B9 /* UIInsetedTextField.swift */,
			);
			path = UIElements;
			sourceTree = "<group>";
		};
/* End PBXGroup section */

/* Begin PBXNativeTarget section */
		246F22B32B3B2FCF006B53B9 /* profile_lesson3 */ = {
			isa = PBXNativeTarget;
			buildConfigurationList = 246F22C82B3B2FD1006B53B9 /* Build configuration list for PBXNativeTarget "profile_lesson3" */;
			buildPhases = (
				246F22B02B3B2FCF006B53B9 /* Sources */,
				246F22B12B3B2FCF006B53B9 /* Frameworks */,
				246F22B22B3B2FCF006B53B9 /* Resources */,
			);
			buildRules = (
			);
			dependencies = (
			);
			name = profile_lesson3;
			productName = profile_lesson3;
			productReference = 246F22B42B3B2FCF006B53B9 /* profile_lesson3.app */;
			productType = "com.apple.product-type.application";
		};
/* End PBXNativeTarget section */

/* Begin PBXProject section */
		246F22AC2B3B2FCF006B53B9 /* Project object */ = {
			isa = PBXProject;
			attributes = {
				BuildIndependentTargetsInParallel = 1;
				LastSwiftUpdateCheck = 1500;
				LastUpgradeCheck = 1500;
				TargetAttributes = {
					246F22B32B3B2FCF006B53B9 = {
						CreatedOnToolsVersion = 15.0;
					};
				};
			};
			buildConfigurationList = 246F22AF2B3B2FCF006B53B9 /* Build configuration list for PBXProject "profile_lesson3" */;
			compatibilityVersion = "Xcode 14.0";
			developmentRegion = en;
			hasScannedForEncodings = 0;
			knownRegions = (
				en,
				Base,
			);
			mainGroup = 246F22AB2B3B2FCF006B53B9;
			productRefGroup = 246F22B52B3B2FCF006B53B9 /* Products */;
			projectDirPath = "";
			projectRoot = "";
			targets = (
				246F22B32B3B2FCF006B53B9 /* profile_lesson3 */,
			);
		};
/* End PBXProject section */

/* Begin PBXResourcesBuildPhase section */
		246F22B22B3B2FCF006B53B9 /* Resources */ = {
			isa = PBXResourcesBuildPhase;
			buildActionMask = 2147483647;
			files = (
				246F22C42B3B2FD1006B53B9 /* LaunchScreen.storyboard in Resources */,
				246F22C12B3B2FD1006B53B9 /* Assets.xcassets in Resources */,
			);
			runOnlyForDeploymentPostprocessing = 0;
		};
/* End PBXResourcesBuildPhase section */

/* Begin PBXSourcesBuildPhase section */
		246F22B02B3B2FCF006B53B9 /* Sources */ = {
			isa = PBXSourcesBuildPhase;
			buildActionMask = 2147483647;
			files = (
				246F22D12B3B48EF006B53B9 /* ProfileViewController.swift in Sources */,
				246F22BC2B3B2FCF006B53B9 /* loginViewController.swift in Sources */,
				246F22B82B3B2FCF006B53B9 /* AppDelegate.swift in Sources */,
				246F22CF2B3B3499006B53B9 /* UIInsetedTextField.swift in Sources */,
				246F22BA2B3B2FCF006B53B9 /* SceneDelegate.swift in Sources */,
				246F22CD2B3B343E006B53B9 /* UIValidatableTextField.swift in Sources */,
			);
			runOnlyForDeploymentPostprocessing = 0;
		};
/* End PBXSourcesBuildPhase section */

/* Begin PBXVariantGroup section */
		246F22C22B3B2FD1006B53B9 /* LaunchScreen.storyboard */ = {
			isa = PBXVariantGroup;
			children = (
				246F22C32B3B2FD1006B53B9 /* Base */,
			);
			name = LaunchScreen.storyboard;
			sourceTree = "<group>";
		};
/* End PBXVariantGroup section */

/* Begin XCBuildConfiguration section */
		246F22C62B3B2FD1006B53B9 /* Debug */ = {
			isa = XCBuildConfiguration;
			buildSettings = {
				ALWAYS_SEARCH_USER_PATHS = NO;
				ASSETCATALOG_COMPILER_GENERATE_SWIFT_ASSET_SYMBOL_EXTENSIONS = YES;
				CLANG_ANALYZER_NONNULL = YES;
				CLANG_ANALYZER_NUMBER_OBJECT_CONVERSION = YES_AGGRESSIVE;
				CLANG_CXX_LANGUAGE_STANDARD = "gnu++20";
				CLANG_ENABLE_MODULES = YES;
				CLANG_ENABLE_OBJC_ARC = YES;
				CLANG_ENABLE_OBJC_WEAK = YES;
				CLANG_WARN_BLOCK_CAPTURE_AUTORELEASING = YES;
				CLANG_WARN_BOOL_CONVERSION = YES;
				CLANG_WARN_COMMA = YES;
				CLANG_WARN_CONSTANT_CONVERSION = YES;
				CLANG_WARN_DEPRECATED_OBJC_IMPLEMENTATIONS = YES;
				CLANG_WARN_DIRECT_OBJC_ISA_USAGE = YES_ERROR;
				CLANG_WARN_DOCUMENTATION_COMMENTS = YES;
				CLANG_WARN_EMPTY_BODY = YES;
				CLANG_WARN_ENUM_CONVERSION = YES;
				CLANG_WARN_INFINITE_RECURSION = YES;
				CLANG_WARN_INT_CONVERSION = YES;
				CLANG_WARN_NON_LITERAL_NULL_CONVERSION = YES;
				CLANG_WARN_OBJC_IMPLICIT_RETAIN_SELF = YES;
				CLANG_WARN_OBJC_LITERAL_CONVERSION = YES;
				CLANG_WARN_OBJC_ROOT_CLASS = YES_ERROR;
				CLANG_WARN_QUOTED_INCLUDE_IN_FRAMEWORK_HEADER = YES;
				CLANG_WARN_RANGE_LOOP_ANALYSIS = YES;
				CLANG_WARN_STRICT_PROTOTYPES = YES;
				CLANG_WARN_SUSPICIOUS_MOVE = YES;
				CLANG_WARN_UNGUARDED_AVAILABILITY = YES_AGGRESSIVE;
				CLANG_WARN_UNREACHABLE_CODE = YES;
				CLANG_WARN__DUPLICATE_METHOD_MATCH = YES;
				COPY_PHASE_STRIP = NO;
				DEBUG_INFORMATION_FORMAT = dwarf;
				ENABLE_STRICT_OBJC_MSGSEND = YES;
				ENABLE_TESTABILITY = YES;
				ENABLE_USER_SCRIPT_SANDBOXING = YES;
				GCC_C_LANGUAGE_STANDARD = gnu17;
				GCC_DYNAMIC_NO_PIC = NO;
				GCC_NO_COMMON_BLOCKS = YES;
				GCC_OPTIMIZATION_LEVEL = 0;
				GCC_PREPROCESSOR_DEFINITIONS = (
					"DEBUG=1",
					"$(inherited)",
				);
				GCC_WARN_64_TO_32_BIT_CONVERSION = YES;
				GCC_WARN_ABOUT_RETURN_TYPE = YES_ERROR;
				GCC_WARN_UNDECLARED_SELECTOR = YES;
				GCC_WARN_UNINITIALIZED_AUTOS = YES_AGGRESSIVE;
				GCC_WARN_UNUSED_FUNCTION = YES;
				GCC_WARN_UNUSED_VARIABLE = YES;
				IPHONEOS_DEPLOYMENT_TARGET = 17.0;
				LOCALIZATION_PREFERS_STRING_CATALOGS = YES;
				MTL_ENABLE_DEBUG_INFO = INCLUDE_SOURCE;
				MTL_FAST_MATH = YES;
				ONLY_ACTIVE_ARCH = YES;
				SDKROOT = iphoneos;
				SWIFT_ACTIVE_COMPILATION_CONDITIONS = "DEBUG $(inherited)";
				SWIFT_OPTIMIZATION_LEVEL = "-Onone";
			};
			name = Debug;
		};
		246F22C72B3B2FD1006B53B9 /* Release */ = {
			isa = XCBuildConfiguration;
			buildSettings = {
				ALWAYS_SEARCH_USER_PATHS = NO;
				ASSETCATALOG_COMPILER_GENERATE_SWIFT_ASSET_SYMBOL_EXTENSIONS = YES;
				CLANG_ANALYZER_NONNULL = YES;
				CLANG_ANALYZER_NUMBER_OBJECT_CONVERSION = YES_AGGRESSIVE;
				CLANG_CXX_LANGUAGE_STANDARD = "gnu++20";
				CLANG_ENABLE_MODULES = YES;
				CLANG_ENABLE_OBJC_ARC = YES;
				CLANG_ENABLE_OBJC_WEAK = YES;
				CLANG_WARN_BLOCK_CAPTURE_AUTORELEASING = YES;
				CLANG_WARN_BOOL_CONVERSION = YES;
				CLANG_WARN_COMMA = YES;
				CLANG_WARN_CONSTANT_CONVERSION = YES;
				CLANG_WARN_DEPRECATED_OBJC_IMPLEMENTATIONS = YES;
				CLANG_WARN_DIRECT_OBJC_ISA_USAGE = YES_ERROR;
				CLANG_WARN_DOCUMENTATION_COMMENTS = YES;
				CLANG_WARN_EMPTY_BODY = YES;
				CLANG_WARN_ENUM_CONVERSION = YES;
				CLANG_WARN_INFINITE_RECURSION = YES;
				CLANG_WARN_INT_CONVERSION = YES;
				CLANG_WARN_NON_LITERAL_NULL_CONVERSION = YES;
				CLANG_WARN_OBJC_IMPLICIT_RETAIN_SELF = YES;
				CLANG_WARN_OBJC_LITERAL_CONVERSION = YES;
				CLANG_WARN_OBJC_ROOT_CLASS = YES_ERROR;
				CLANG_WARN_QUOTED_INCLUDE_IN_FRAMEWORK_HEADER = YES;
				CLANG_WARN_RANGE_LOOP_ANALYSIS = YES;
				CLANG_WARN_STRICT_PROTOTYPES = YES;
				CLANG_WARN_SUSPICIOUS_MOVE = YES;
				CLANG_WARN_UNGUARDED_AVAILABILITY = YES_AGGRESSIVE;
				CLANG_WARN_UNREACHABLE_CODE = YES;
				CLANG_WARN__DUPLICATE_METHOD_MATCH = YES;
				COPY_PHASE_STRIP = NO;
				DEBUG_INFORMATION_FORMAT = "dwarf-with-dsym";
				ENABLE_NS_ASSERTIONS = NO;
				ENABLE_STRICT_OBJC_MSGSEND = YES;
				ENABLE_USER_SCRIPT_SANDBOXING = YES;
				GCC_C_LANGUAGE_STANDARD = gnu17;
				GCC_NO_COMMON_BLOCKS = YES;
				GCC_WARN_64_TO_32_BIT_CONVERSION = YES;
				GCC_WARN_ABOUT_RETURN_TYPE = YES_ERROR;
				GCC_WARN_UNDECLARED_SELECTOR = YES;
				GCC_WARN_UNINITIALIZED_AUTOS = YES_AGGRESSIVE;
				GCC_WARN_UNUSED_FUNCTION = YES;
				GCC_WARN_UNUSED_VARIABLE = YES;
				IPHONEOS_DEPLOYMENT_TARGET = 17.0;
				LOCALIZATION_PREFERS_STRING_CATALOGS = YES;
				MTL_ENABLE_DEBUG_INFO = NO;
				MTL_FAST_MATH = YES;
				SDKROOT = iphoneos;
				SWIFT_COMPILATION_MODE = wholemodule;
				VALIDATE_PRODUCT = YES;
			};
			name = Release;
		};
		246F22C92B3B2FD1006B53B9 /* Debug */ = {
			isa = XCBuildConfiguration;
			buildSettings = {
				ASSETCATALOG_COMPILER_APPICON_NAME = AppIcon;
				ASSETCATALOG_COMPILER_GLOBAL_ACCENT_COLOR_NAME = AccentColor;
				CODE_SIGN_STYLE = Automatic;
				CURRENT_PROJECT_VERSION = 1;
				GENERATE_INFOPLIST_FILE = YES;
				INFOPLIST_FILE = profile_lesson3/Info.plist;
				INFOPLIST_KEY_UIApplicationSupportsIndirectInputEvents = YES;
				INFOPLIST_KEY_UILaunchStoryboardName = LaunchScreen;
				INFOPLIST_KEY_UISupportedInterfaceOrientations_iPad = "UIInterfaceOrientationPortrait UIInterfaceOrientationPortraitUpsideDown UIInterfaceOrientationLandscapeLeft UIInterfaceOrientationLandscapeRight";
				INFOPLIST_KEY_UISupportedInterfaceOrientations_iPhone = "UIInterfaceOrientationPortrait UIInterfaceOrientationLandscapeLeft UIInterfaceOrientationLandscapeRight";
				IPHONEOS_DEPLOYMENT_TARGET = 15.5;
				LD_RUNPATH_SEARCH_PATHS = (
					"$(inherited)",
					"@executable_path/Frameworks",
				);
				MARKETING_VERSION = 1.0;
				PRODUCT_BUNDLE_IDENTIFIER = "com.nika.profile-lesson3";
				PRODUCT_NAME = "$(TARGET_NAME)";
				SWIFT_EMIT_LOC_STRINGS = YES;
				SWIFT_VERSION = 5.0;
				TARGETED_DEVICE_FAMILY = "1,2";
			};
			name = Debug;
		};
		246F22CA2B3B2FD1006B53B9 /* Release */ = {
			isa = XCBuildConfiguration;
			buildSettings = {
				ASSETCATALOG_COMPILER_APPICON_NAME = AppIcon;
				ASSETCATALOG_COMPILER_GLOBAL_ACCENT_COLOR_NAME = AccentColor;
				CODE_SIGN_STYLE = Automatic;
				CURRENT_PROJECT_VERSION = 1;
				GENERATE_INFOPLIST_FILE = YES;
				INFOPLIST_FILE = profile_lesson3/Info.plist;
				INFOPLIST_KEY_UIApplicationSupportsIndirectInputEvents = YES;
				INFOPLIST_KEY_UILaunchStoryboardName = LaunchScreen;
				INFOPLIST_KEY_UISupportedInterfaceOrientations_iPad = "UIInterfaceOrientationPortrait UIInterfaceOrientationPortraitUpsideDown UIInterfaceOrientationLandscapeLeft UIInterfaceOrientationLandscapeRight";
				INFOPLIST_KEY_UISupportedInterfaceOrientations_iPhone = "UIInterfaceOrientationPortrait UIInterfaceOrientationLandscapeLeft UIInterfaceOrientationLandscapeRight";
				IPHONEOS_DEPLOYMENT_TARGET = 15.5;
				LD_RUNPATH_SEARCH_PATHS = (
					"$(inherited)",
					"@executable_path/Frameworks",
				);
				MARKETING_VERSION = 1.0;
				PRODUCT_BUNDLE_IDENTIFIER = "com.nika.profile-lesson3";
				PRODUCT_NAME = "$(TARGET_NAME)";
				SWIFT_EMIT_LOC_STRINGS = YES;
				SWIFT_VERSION = 5.0;
				TARGETED_DEVICE_FAMILY = "1,2";
			};
			name = Release;
		};
/* End XCBuildConfiguration section */

/* Begin XCConfigurationList section */
		246F22AF2B3B2FCF006B53B9 /* Build configuration list for PBXProject "profile_lesson3" */ = {
			isa = XCConfigurationList;
			buildConfigurations = (
				246F22C62B3B2FD1006B53B9 /* Debug */,
				246F22C72B3B2FD1006B53B9 /* Release */,
			);
			defaultConfigurationIsVisible = 0;
			defaultConfigurationName = Release;
		};
		246F22C82B3B2FD1006B53B9 /* Build configuration list for PBXNativeTarget "profile_lesson3" */ = {
			isa = XCConfigurationList;
			buildConfigurations = (
				246F22C92B3B2FD1006B53B9 /* Debug */,
				246F22CA2B3B2FD1006B53B9 /* Release */,
			);
			defaultConfigurationIsVisible = 0;
			defaultConfigurationName = Release;
		};
/* End XCConfigurationList section */
	};
	rootObject = 246F22AC2B3B2FCF006B53B9 /* Project object */;
}
